
Microsoft Visual Studio Solution File, Format Version 12.00
# Visual Studio Version 17
VisualStudioVersion = 17.11.35222.181
MinimumVisualStudioVersion = 10.0.40219.1
Project("{9A19103F-16F7-4668-BE54-9A1E7A4F7556}") = "Cn-LINQ_SetOperations", "Cn-LINQ_SetOperations.csproj", "{F3F06935-38EF-4C84-B9AA-86CEBB8374A3}"
EndProject
Global
	GlobalSection(SolutionConfigurationPlatforms) = preSolution
		Debug|Any CPU = Debug|Any CPU
		Release|Any CPU = Release|Any CPU
	EndGlobalSection
	GlobalSection(ProjectConfigurationPlatforms) = postSolution
		{F3F06935-38EF-4C84-B9AA-86CEBB8374A3}.Debug|Any CPU.ActiveCfg = Debug|Any CPU
		{F3F06935-38EF-4C84-B9AA-86CEBB8374A3}.Debug|Any CPU.Build.0 = Debug|Any CPU
		{F3F06935-38EF-4C84-B9AA-86CEBB8374A3}.Release|Any CPU.ActiveCfg = Release|Any CPU
		{F3F06935-38EF-4C84-B9AA-86CEBB8374A3}.Release|Any CPU.Build.0 = Release|Any CPU
	EndGlobalSection
	GlobalSection(SolutionProperties) = preSolution
		HideSolutionNode = FALSE
	EndGlobalSection
	GlobalSection(ExtensibilityGlobals) = postSolution
		SolutionGuid = {A3475A96-A7C7-4E53-AD57-F67F73CB2BD8}
	EndGlobalSection
EndGlobal
